
Microsoft Visual Studio Solution File, Format Version 12.00
# Visual Studio Version 17
VisualStudioVersion = 17.10.34928.147
MinimumVisualStudioVersion = 10.0.40219.1
Project("{FAE04EC0-301F-11D3-BF4B-00C04F79EFBC}") = "RichterBot", "RichterBot\RichterBot.csproj", "{BE7E8CC1-4364-4ECB-8342-8BCFA7A7F975}"
EndProject
Global
	GlobalSection(SolutionConfigurationPlatforms) = preSolution
		Debug|Any CPU = Debug|Any CPU
		Release|Any CPU = Release|Any CPU
	EndGlobalSection
	GlobalSection(ProjectConfigurationPlatforms) = postSolution
		{BE7E8CC1-4364-4ECB-8342-8BCFA7A7F975}.Debug|Any CPU.ActiveCfg = Debug|Any CPU
		{BE7E8CC1-4364-4ECB-8342-8BCFA7A7F975}.Debug|Any CPU.Build.0 = Debug|Any CPU
		{BE7E8CC1-4364-4ECB-8342-8BCFA7A7F975}.Release|Any CPU.ActiveCfg = Release|Any CPU
		{BE7E8CC1-4364-4ECB-8342-8BCFA7A7F975}.Release|Any CPU.Build.0 = Release|Any CPU
	EndGlobalSection
	GlobalSection(SolutionProperties) = preSolution
		HideSolutionNode = FALSE
	EndGlobalSection
	GlobalSection(ExtensibilityGlobals) = postSolution
		SolutionGuid = {694E518E-8848-4834-8579-4714FF4FA644}
	EndGlobalSection
EndGlobal
